
Microsoft Visual Studio Solution File, Format Version 12.00
# Visual Studio Version 17
VisualStudioVersion = 17.7.34031.279
MinimumVisualStudioVersion = 10.0.40219.1
Project("{FAE04EC0-301F-11D3-BF4B-00C04F79EFBC}") = "Program", "Program.csproj", "{BA8EBA1B-7955-4D30-81F7-5DA427F86491}"
EndProject
Global
	GlobalSection(SolutionConfigurationPlatforms) = preSolution
		Debug|Any CPU = Debug|Any CPU
		Release|Any CPU = Release|Any CPU
	EndGlobalSection
	GlobalSection(ProjectConfigurationPlatforms) = postSolution
		{BA8EBA1B-7955-4D30-81F7-5DA427F86491}.Debug|Any CPU.ActiveCfg = Debug|Any CPU
		{BA8EBA1B-7955-4D30-81F7-5DA427F86491}.Debug|Any CPU.Build.0 = Debug|Any CPU
		{BA8EBA1B-7955-4D30-81F7-5DA427F86491}.Release|Any CPU.ActiveCfg = Release|Any CPU
		{BA8EBA1B-7955-4D30-81F7-5DA427F86491}.Release|Any CPU.Build.0 = Release|Any CPU
	EndGlobalSection
	GlobalSection(SolutionProperties) = preSolution
		HideSolutionNode = FALSE
	EndGlobalSection
	GlobalSection(ExtensibilityGlobals) = postSolution
		SolutionGuid = {7A3EB416-39B0-42E0-AFD2-CAC2C94F0E45}
	EndGlobalSection
EndGlobal
